// !$*UTF8*$!
{
	archiveVersion = 1;
	classes = {
	};
	objectVersion = 48;
	objects = {

/* Begin PBXBuildFile section */
		3E028F252061F6DC00B7478F /* AppDelegate.m in Sources */ = {isa = PBXBuildFile; fileRef = 3E028F242061F6DC00B7478F /* AppDelegate.m */; };
		3E028F282061F6DC00B7478F /* ViewController.m in Sources */ = {isa = PBXBuildFile; fileRef = 3E028F272061F6DC00B7478F /* ViewController.m */; };
		3E028F2B2061F6DC00B7478F /* Main.storyboard in Resources */ = {isa = PBXBuildFile; fileRef = 3E028F292061F6DC00B7478F /* Main.storyboard */; };
		3E028F2D2061F6DC00B7478F /* Assets.xcassets in Resources */ = {isa = PBXBuildFile; fileRef = 3E028F2C2061F6DC00B7478F /* Assets.xcassets */; };
		3E028F302061F6DC00B7478F /* LaunchScreen.storyboard in Resources */ = {isa = PBXBuildFile; fileRef = 3E028F2E2061F6DC00B7478F /* LaunchScreen.storyboard */; };
		3E028F332061F6DC00B7478F /* main.m in Sources */ = {isa = PBXBuildFile; fileRef = 3E028F322061F6DC00B7478F /* main.m */; };
		3E028F3D2061F6DC00B7478F /* EasyNetworkingTests.m in Sources */ = {isa = PBXBuildFile; fileRef = 3E028F3C2061F6DC00B7478F /* EasyNetworkingTests.m */; };
		3E028F482061F6DC00B7478F /* EasyNetworkingUITests.m in Sources */ = {isa = PBXBuildFile; fileRef = 3E028F472061F6DC00B7478F /* EasyNetworkingUITests.m */; };
		3E028F572061F70F00B7478F /* SystemConfiguration.framework in Frameworks */ = {isa = PBXBuildFile; fileRef = 3E028F562061F70F00B7478F /* SystemConfiguration.framework */; };
		3E028F592061F71F00B7478F /* Foundation.framework in Frameworks */ = {isa = PBXBuildFile; fileRef = 3E028F582061F71F00B7478F /* Foundation.framework */; };
		3E028F762061F84100B7478F /* AFHTTPSessionManager.m in Sources */ = {isa = PBXBuildFile; fileRef = 3E028F5D2061F84100B7478F /* AFHTTPSessionManager.m */; };
		3E028F772061F84100B7478F /* AFNetworkReachabilityManager.m in Sources */ = {isa = PBXBuildFile; fileRef = 3E028F602061F84100B7478F /* AFNetworkReachabilityManager.m */; };
		3E028F782061F84100B7478F /* AFSecurityPolicy.m in Sources */ = {isa = PBXBuildFile; fileRef = 3E028F622061F84100B7478F /* AFSecurityPolicy.m */; };
		3E028F792061F84100B7478F /* AFURLRequestSerialization.m in Sources */ = {isa = PBXBuildFile; fileRef = 3E028F642061F84100B7478F /* AFURLRequestSerialization.m */; };
		3E028F7A2061F84100B7478F /* AFURLResponseSerialization.m in Sources */ = {isa = PBXBuildFile; fileRef = 3E028F662061F84100B7478F /* AFURLResponseSerialization.m */; };
		3E028F7B2061F84100B7478F /* AFURLSessionManager.m in Sources */ = {isa = PBXBuildFile; fileRef = 3E028F682061F84100B7478F /* AFURLSessionManager.m */; };
		3E028F7C2061F84100B7478F /* Reachability.m in Sources */ = {isa = PBXBuildFile; fileRef = 3E028F6B2061F84100B7478F /* Reachability.m */; };
		3E028F7D2061F84100B7478F /* ChackNet.m in Sources */ = {isa = PBXBuildFile; fileRef = 3E028F6E2061F84100B7478F /* ChackNet.m */; };
		3E028F7E2061F84100B7478F /* DirectorClass.m in Sources */ = {isa = PBXBuildFile; fileRef = 3E028F702061F84100B7478F /* DirectorClass.m */; };
		3E028F7F2061F84100B7478F /* TXMNetworker.m in Sources */ = {isa = PBXBuildFile; fileRef = 3E028F732061F84100B7478F /* TXMNetworker.m */; };
		3E028F802061F84100B7478F /* TXMNetworkerFactory.m in Sources */ = {isa = PBXBuildFile; fileRef = 3E028F752061F84100B7478F /* TXMNetworkerFactory.m */; };
/* End PBXBuildFile section */

/* Begin PBXContainerItemProxy section */
		3E028F392061F6DC00B7478F /* PBXContainerItemProxy */ = {
			isa = PBXContainerItemProxy;
			containerPortal = 3E028F182061F6DC00B7478F /* Project object */;
			proxyType = 1;
			remoteGlobalIDString = 3E028F1F2061F6DC00B7478F;
			remoteInfo = EasyNetworking;
		};
		3E028F442061F6DC00B7478F /* PBXContainerItemProxy */ = {
			isa = PBXContainerItemProxy;
			containerPortal = 3E028F182061F6DC00B7478F /* Project object */;
			proxyType = 1;
			remoteGlobalIDString = 3E028F1F2061F6DC00B7478F;
			remoteInfo = EasyNetworking;
		};
/* End PBXContainerItemProxy section */

/* Begin PBXFileReference section */
		3E028F202061F6DC00B7478F /* EasyNetworking.app */ = {isa = PBXFileReference; explicitFileType = wrapper.application; includeInIndex = 0; path = EasyNetworking.app; sourceTree = BUILT_PRODUCTS_DIR; };
		3E028F232061F6DC00B7478F /* AppDelegate.h */ = {isa = PBXFileReference; lastKnownFileType = sourcecode.c.h; path = AppDelegate.h; sourceTree = "<group>"; };
		3E028F242061F6DC00B7478F /* AppDelegate.m */ = {isa = PBXFileReference; lastKnownFileType = sourcecode.c.objc; path = AppDelegate.m; sourceTree = "<group>"; };
		3E028F262061F6DC00B7478F /* ViewController.h */ = {isa = PBXFileReference; lastKnownFileType = sourcecode.c.h; path = ViewController.h; sourceTree = "<group>"; };
		3E028F272061F6DC00B7478F /* ViewController.m */ = {isa = PBXFileReference; lastKnownFileType = sourcecode.c.objc; path = ViewController.m; sourceTree = "<group>"; };
		3E028F2A2061F6DC00B7478F /* Base */ = {isa = PBXFileReference; lastKnownFileType = file.storyboard; name = Base; path = Base.lproj/Main.storyboard; sourceTree = "<group>"; };
		3E028F2C2061F6DC00B7478F /* Assets.xcassets */ = {isa = PBXFileReference; lastKnownFileType = folder.assetcatalog; path = Assets.xcassets; sourceTree = "<group>"; };
		3E028F2F2061F6DC00B7478F /* Base */ = {isa = PBXFileReference; lastKnownFileType = file.storyboard; name = Base; path = Base.lproj/LaunchScreen.storyboard; sourceTree = "<group>"; };
		3E028F312061F6DC00B7478F /* Info.plist */ = {isa = PBXFileReference; lastKnownFileType = text.plist.xml; path = Info.plist; sourceTree = "<group>"; };
		3E028F322061F6DC00B7478F /* main.m */ = {isa = PBXFileReference; lastKnownFileType = sourcecode.c.objc; path = main.m; sourceTree = "<group>"; };
		3E028F382061F6DC00B7478F /* EasyNetworkingTests.xctest */ = {isa = PBXFileReference; explicitFileType = wrapper.cfbundle; includeInIndex = 0; path = EasyNetworkingTests.xctest; sourceTree = BUILT_PRODUCTS_DIR; };
		3E028F3C2061F6DC00B7478F /* EasyNetworkingTests.m */ = {isa = PBXFileReference; lastKnownFileType = sourcecode.c.objc; path = EasyNetworkingTests.m; sourceTree = "<group>"; };
		3E028F3E2061F6DC00B7478F /* Info.plist */ = {isa = PBXFileReference; lastKnownFileType = text.plist.xml; path = Info.plist; sourceTree = "<group>"; };
		3E028F432061F6DC00B7478F /* EasyNetworkingUITests.xctest */ = {isa = PBXFileReference; explicitFileType = wrapper.cfbundle; includeInIndex = 0; path = EasyNetworkingUITests.xctest; sourceTree = BUILT_PRODUCTS_DIR; };
		3E028F472061F6DC00B7478F /* EasyNetworkingUITests.m */ = {isa = PBXFileReference; lastKnownFileType = sourcecode.c.objc; path = EasyNetworkingUITests.m; sourceTree = "<group>"; };
		3E028F492061F6DC00B7478F /* Info.plist */ = {isa = PBXFileReference; lastKnownFileType = text.plist.xml; path = Info.plist; sourceTree = "<group>"; };
		3E028F562061F70F00B7478F /* SystemConfiguration.framework */ = {isa = PBXFileReference; lastKnownFileType = wrapper.framework; name = SystemConfiguration.framework; path = System/Library/Frameworks/SystemConfiguration.framework; sourceTree = SDKROOT; };
		3E028F582061F71F00B7478F /* Foundation.framework */ = {isa = PBXFileReference; lastKnownFileType = wrapper.framework; name = Foundation.framework; path = System/Library/Frameworks/Foundation.framework; sourceTree = SDKROOT; };
		3E028F5C2061F84100B7478F /* AFHTTPSessionManager.h */ = {isa = PBXFileReference; fileEncoding = 4; lastKnownFileType = sourcecode.c.h; path = AFHTTPSessionManager.h; sourceTree = "<group>"; };
		3E028F5D2061F84100B7478F /* AFHTTPSessionManager.m */ = {isa = PBXFileReference; fileEncoding = 4; lastKnownFileType = sourcecode.c.objc; path = AFHTTPSessionManager.m; sourceTree = "<group>"; };
		3E028F5E2061F84100B7478F /* AFNetworking.h */ = {isa = PBXFileReference; fileEncoding = 4; lastKnownFileType = sourcecode.c.h; path = AFNetworking.h; sourceTree = "<group>"; };
		3E028F5F2061F84100B7478F /* AFNetworkReachabilityManager.h */ = {isa = PBXFileReference; fileEncoding = 4; lastKnownFileType = sourcecode.c.h; path = AFNetworkReachabilityManager.h; sourceTree = "<group>"; };
		3E028F602061F84100B7478F /* AFNetworkReachabilityManager.m */ = {isa = PBXFileReference; fileEncoding = 4; lastKnownFileType = sourcecode.c.objc; path = AFNetworkReachabilityManager.m; sourceTree = "<group>"; };
		3E028F612061F84100B7478F /* AFSecurityPolicy.h */ = {isa = PBXFileReference; fileEncoding = 4; lastKnownFileType = sourcecode.c.h; path = AFSecurityPolicy.h; sourceTree = "<group>"; };
		3E028F622061F84100B7478F /* AFSecurityPolicy.m */ = {isa = PBXFileReference; fileEncoding = 4; lastKnownFileType = sourcecode.c.objc; path = AFSecurityPolicy.m; sourceTree = "<group>"; };
		3E028F632061F84100B7478F /* AFURLRequestSerialization.h */ = {isa = PBXFileReference; fileEncoding = 4; lastKnownFileType = sourcecode.c.h; path = AFURLRequestSerialization.h; sourceTree = "<group>"; };
		3E028F642061F84100B7478F /* AFURLRequestSerialization.m */ = {isa = PBXFileReference; fileEncoding = 4; lastKnownFileType = sourcecode.c.objc; path = AFURLRequestSerialization.m; sourceTree = "<group>"; };
		3E028F652061F84100B7478F /* AFURLResponseSerialization.h */ = {isa = PBXFileReference; fileEncoding = 4; lastKnownFileType = sourcecode.c.h; path = AFURLResponseSerialization.h; sourceTree = "<group>"; };
		3E028F662061F84100B7478F /* AFURLResponseSerialization.m */ = {isa = PBXFileReference; fileEncoding = 4; lastKnownFileType = sourcecode.c.objc; path = AFURLResponseSerialization.m; sourceTree = "<group>"; };
		3E028F672061F84100B7478F /* AFURLSessionManager.h */ = {isa = PBXFileReference; fileEncoding = 4; lastKnownFileType = sourcecode.c.h; path = AFURLSessionManager.h; sourceTree = "<group>"; };
		3E028F682061F84100B7478F /* AFURLSessionManager.m */ = {isa = PBXFileReference; fileEncoding = 4; lastKnownFileType = sourcecode.c.objc; path = AFURLSessionManager.m; sourceTree = "<group>"; };
		3E028F6A2061F84100B7478F /* Reachability.h */ = {isa = PBXFileReference; fileEncoding = 4; lastKnownFileType = sourcecode.c.h; path = Reachability.h; sourceTree = "<group>"; };
		3E028F6B2061F84100B7478F /* Reachability.m */ = {isa = PBXFileReference; fileEncoding = 4; lastKnownFileType = sourcecode.c.objc; path = Reachability.m; sourceTree = "<group>"; };
		3E028F6D2061F84100B7478F /* ChackNet.h */ = {isa = PBXFileReference; fileEncoding = 4; lastKnownFileType = sourcecode.c.h; path = ChackNet.h; sourceTree = "<group>"; };
		3E028F6E2061F84100B7478F /* ChackNet.m */ = {isa = PBXFileReference; fileEncoding = 4; lastKnownFileType = sourcecode.c.objc; path = ChackNet.m; sourceTree = "<group>"; };
		3E028F6F2061F84100B7478F /* DirectorClass.h */ = {isa = PBXFileReference; fileEncoding = 4; lastKnownFileType = sourcecode.c.h; path = DirectorClass.h; sourceTree = "<group>"; };
		3E028F702061F84100B7478F /* DirectorClass.m */ = {isa = PBXFileReference; fileEncoding = 4; lastKnownFileType = sourcecode.c.objc; path = DirectorClass.m; sourceTree = "<group>"; };
		3E028F712061F84100B7478F /* TXMNetProtocol.h */ = {isa = PBXFileReference; fileEncoding = 4; lastKnownFileType = sourcecode.c.h; path = TXMNetProtocol.h; sourceTree = "<group>"; };
		3E028F722061F84100B7478F /* TXMNetworker.h */ = {isa = PBXFileReference; fileEncoding = 4; lastKnownFileType = sourcecode.c.h; path = TXMNetworker.h; sourceTree = "<group>"; };
		3E028F732061F84100B7478F /* TXMNetworker.m */ = {isa = PBXFileReference; fileEncoding = 4; lastKnownFileType = sourcecode.c.objc; path = TXMNetworker.m; sourceTree = "<group>"; };
		3E028F742061F84100B7478F /* TXMNetworkerFactory.h */ = {isa = PBXFileReference; fileEncoding = 4; lastKnownFileType = sourcecode.c.h; path = TXMNetworkerFactory.h; sourceTree = "<group>"; };
		3E028F752061F84100B7478F /* TXMNetworkerFactory.m */ = {isa = PBXFileReference; fileEncoding = 4; lastKnownFileType = sourcecode.c.objc; path = TXMNetworkerFactory.m; sourceTree = "<group>"; };
/* End PBXFileReference section */

/* Begin PBXFrameworksBuildPhase section */
		3E028F1D2061F6DC00B7478F /* Frameworks */ = {
			isa = PBXFrameworksBuildPhase;
			buildActionMask = 2147483647;
			files = (
				3E028F592061F71F00B7478F /* Foundation.framework in Frameworks */,
				3E028F572061F70F00B7478F /* SystemConfiguration.framework in Frameworks */,
			);
			runOnlyForDeploymentPostprocessing = 0;
		};
		3E028F352061F6DC00B7478F /* Frameworks */ = {
			isa = PBXFrameworksBuildPhase;
			buildActionMask = 2147483647;
			files = (
			);
			runOnlyForDeploymentPostprocessing = 0;
		};
		3E028F402061F6DC00B7478F /* Frameworks */ = {
			isa = PBXFrameworksBuildPhase;
			buildActionMask = 2147483647;
			files = (
			);
			runOnlyForDeploymentPostprocessing = 0;
		};
/* End PBXFrameworksBuildPhase section */

/* Begin PBXGroup section */
		3E028F172061F6DC00B7478F = {
			isa = PBXGroup;
			children = (
				3E028F222061F6DC00B7478F /* EasyNetworking */,
				3E028F3B2061F6DC00B7478F /* EasyNetworkingTests */,
				3E028F462061F6DC00B7478F /* EasyNetworkingUITests */,
				3E028F212061F6DC00B7478F /* Products */,
				3E028F552061F70F00B7478F /* Frameworks */,
			);
			sourceTree = "<group>";
		};
		3E028F212061F6DC00B7478F /* Products */ = {
			isa = PBXGroup;
			children = (
				3E028F202061F6DC00B7478F /* EasyNetworking.app */,
				3E028F382061F6DC00B7478F /* EasyNetworkingTests.xctest */,
				3E028F432061F6DC00B7478F /* EasyNetworkingUITests.xctest */,
			);
			name = Products;
			sourceTree = "<group>";
		};
		3E028F222061F6DC00B7478F /* EasyNetworking */ = {
			isa = PBXGroup;
			children = (
				3E028F6C2061F84100B7478F /* Net */,
				3E028F5A2061F84100B7478F /* ThirdLibrary */,
				3E028F232061F6DC00B7478F /* AppDelegate.h */,
				3E028F242061F6DC00B7478F /* AppDelegate.m */,
				3E028F262061F6DC00B7478F /* ViewController.h */,
				3E028F272061F6DC00B7478F /* ViewController.m */,
				3E028F292061F6DC00B7478F /* Main.storyboard */,
				3E028F2C2061F6DC00B7478F /* Assets.xcassets */,
				3E028F2E2061F6DC00B7478F /* LaunchScreen.storyboard */,
				3E028F312061F6DC00B7478F /* Info.plist */,
				3E028F322061F6DC00B7478F /* main.m */,
			);
			path = EasyNetworking;
			sourceTree = "<group>";
		};
		3E028F3B2061F6DC00B7478F /* EasyNetworkingTests */ = {
			isa = PBXGroup;
			children = (
				3E028F3C2061F6DC00B7478F /* EasyNetworkingTests.m */,
				3E028F3E2061F6DC00B7478F /* Info.plist */,
			);
			path = EasyNetworkingTests;
			sourceTree = "<group>";
		};
		3E028F462061F6DC00B7478F /* EasyNetworkingUITests */ = {
			isa = PBXGroup;
			children = (
				3E028F472061F6DC00B7478F /* EasyNetworkingUITests.m */,
				3E028F492061F6DC00B7478F /* Info.plist */,
			);
			path = EasyNetworkingUITests;
			sourceTree = "<group>";
		};
		3E028F552061F70F00B7478F /* Frameworks */ = {
			isa = PBXGroup;
			children = (
				3E028F582061F71F00B7478F /* Foundation.framework */,
				3E028F562061F70F00B7478F /* SystemConfiguration.framework */,
			);
			name = Frameworks;
			sourceTree = "<group>";
		};
		3E028F5A2061F84100B7478F /* ThirdLibrary */ = {
			isa = PBXGroup;
			children = (
				3E028F5B2061F84100B7478F /* AFNetworking */,
				3E028F692061F84100B7478F /* Reachability */,
			);
			path = ThirdLibrary;
			sourceTree = "<group>";
		};
		3E028F5B2061F84100B7478F /* AFNetworking */ = {
			isa = PBXGroup;
			children = (
				3E028F5C2061F84100B7478F /* AFHTTPSessionManager.h */,
				3E028F5D2061F84100B7478F /* AFHTTPSessionManager.m */,
				3E028F5E2061F84100B7478F /* AFNetworking.h */,
				3E028F5F2061F84100B7478F /* AFNetworkReachabilityManager.h */,
				3E028F602061F84100B7478F /* AFNetworkReachabilityManager.m */,
				3E028F612061F84100B7478F /* AFSecurityPolicy.h */,
				3E028F622061F84100B7478F /* AFSecurityPolicy.m */,
				3E028F632061F84100B7478F /* AFURLRequestSerialization.h */,
				3E028F642061F84100B7478F /* AFURLRequestSerialization.m */,
				3E028F652061F84100B7478F /* AFURLResponseSerialization.h */,
				3E028F662061F84100B7478F /* AFURLResponseSerialization.m */,
				3E028F672061F84100B7478F /* AFURLSessionManager.h */,
				3E028F682061F84100B7478F /* AFURLSessionManager.m */,
			);
			path = AFNetworking;
			sourceTree = "<group>";
		};
		3E028F692061F84100B7478F /* Reachability */ = {
			isa = PBXGroup;
			children = (
				3E028F6A2061F84100B7478F /* Reachability.h */,
				3E028F6B2061F84100B7478F /* Reachability.m */,
			);
			path = Reachability;
			sourceTree = "<group>";
		};
		3E028F6C2061F84100B7478F /* Net */ = {
			isa = PBXGroup;
			children = (
				3E028F6D2061F84100B7478F /* ChackNet.h */,
				3E028F6E2061F84100B7478F /* ChackNet.m */,
				3E028F6F2061F84100B7478F /* DirectorClass.h */,
				3E028F702061F84100B7478F /* DirectorClass.m */,
				3E028F712061F84100B7478F /* TXMNetProtocol.h */,
				3E028F722061F84100B7478F /* TXMNetworker.h */,
				3E028F732061F84100B7478F /* TXMNetworker.m */,
				3E028F742061F84100B7478F /* TXMNetworkerFactory.h */,
				3E028F752061F84100B7478F /* TXMNetworkerFactory.m */,
			);
			path = Net;
			sourceTree = "<group>";
		};
/* End PBXGroup section */

/* Begin PBXNativeTarget section */
		3E028F1F2061F6DC00B7478F /* EasyNetworking */ = {
			isa = PBXNativeTarget;
			buildConfigurationList = 3E028F4C2061F6DC00B7478F /* Build configuration list for PBXNativeTarget "EasyNetworking" */;
			buildPhases = (
				3E028F1C2061F6DC00B7478F /* Sources */,
				3E028F1D2061F6DC00B7478F /* Frameworks */,
				3E028F1E2061F6DC00B7478F /* Resources */,
			);
			buildRules = (
			);
			dependencies = (
			);
			name = EasyNetworking;
			productName = EasyNetworking;
			productReference = 3E028F202061F6DC00B7478F /* EasyNetworking.app */;
			productType = "com.apple.product-type.application";
		};
		3E028F372061F6DC00B7478F /* EasyNetworkingTests */ = {
			isa = PBXNativeTarget;
			buildConfigurationList = 3E028F4F2061F6DC00B7478F /* Build configuration list for PBXNativeTarget "EasyNetworkingTests" */;
			buildPhases = (
				3E028F342061F6DC00B7478F /* Sources */,
				3E028F352061F6DC00B7478F /* Frameworks */,
				3E028F362061F6DC00B7478F /* Resources */,
			);
			buildRules = (
			);
			dependencies = (
				3E028F3A2061F6DC00B7478F /* PBXTargetDependency */,
			);
			name = EasyNetworkingTests;
			productName = EasyNetworkingTests;
			productReference = 3E028F382061F6DC00B7478F /* EasyNetworkingTests.xctest */;
			productType = "com.apple.product-type.bundle.unit-test";
		};
		3E028F422061F6DC00B7478F /* EasyNetworkingUITests */ = {
			isa = PBXNativeTarget;
			buildConfigurationList = 3E028F522061F6DC00B7478F /* Build configuration list for PBXNativeTarget "EasyNetworkingUITests" */;
			buildPhases = (
				3E028F3F2061F6DC00B7478F /* Sources */,
				3E028F402061F6DC00B7478F /* Frameworks */,
				3E028F412061F6DC00B7478F /* Resources */,
			);
			buildRules = (
			);
			dependencies = (
				3E028F452061F6DC00B7478F /* PBXTargetDependency */,
			);
			name = EasyNetworkingUITests;
			productName = EasyNetworkingUITests;
			productReference = 3E028F432061F6DC00B7478F /* EasyNetworkingUITests.xctest */;
			productType = "com.apple.product-type.bundle.ui-testing";
		};
/* End PBXNativeTarget section */

/* Begin PBXProject section */
		3E028F182061F6DC00B7478F /* Project object */ = {
			isa = PBXProject;
			attributes = {
				LastUpgradeCheck = 0920;
				ORGANIZATIONNAME = "田晓梦";
				TargetAttributes = {
					3E028F1F2061F6DC00B7478F = {
						CreatedOnToolsVersion = 9.2;
						ProvisioningStyle = Automatic;
					};
					3E028F372061F6DC00B7478F = {
						CreatedOnToolsVersion = 9.2;
						ProvisioningStyle = Automatic;
						TestTargetID = 3E028F1F2061F6DC00B7478F;
					};
					3E028F422061F6DC00B7478F = {
						CreatedOnToolsVersion = 9.2;
						ProvisioningStyle = Automatic;
						TestTargetID = 3E028F1F2061F6DC00B7478F;
					};
				};
			};
			buildConfigurationList = 3E028F1B2061F6DC00B7478F /* Build configuration list for PBXProject "EasyNetworking" */;
			compatibilityVersion = "Xcode 8.0";
			developmentRegion = en;
			hasScannedForEncodings = 0;
			knownRegions = (
				en,
				Base,
			);
			mainGroup = 3E028F172061F6DC00B7478F;
			productRefGroup = 3E028F212061F6DC00B7478F /* Products */;
			projectDirPath = "";
			projectRoot = "";
			targets = (
				3E028F1F2061F6DC00B7478F /* EasyNetworking */,
				3E028F372061F6DC00B7478F /* EasyNetworkingTests */,
				3E028F422061F6DC00B7478F /* EasyNetworkingUITests */,
			);
		};
/* End PBXProject section */

/* Begin PBXResourcesBuildPhase section */
		3E028F1E2061F6DC00B7478F /* Resources */ = {
			isa = PBXResourcesBuildPhase;
			buildActionMask = 2147483647;
			files = (
				3E028F302061F6DC00B7478F /* LaunchScreen.storyboard in Resources */,
				3E028F2D2061F6DC00B7478F /* Assets.xcassets in Resources */,
				3E028F2B2061F6DC00B7478F /* Main.storyboard in Resources */,
			);
			runOnlyForDeploymentPostprocessing = 0;
		};
		3E028F362061F6DC00B7478F /* Resources */ = {
			isa = PBXResourcesBuildPhase;
			buildActionMask = 2147483647;
			files = (
			);
			runOnlyForDeploymentPostprocessing = 0;
		};
		3E028F412061F6DC00B7478F /* Resources */ = {
			isa = PBXResourcesBuildPhase;
			buildActionMask = 2147483647;
			files = (
			);
			runOnlyForDeploymentPostprocessing = 0;
		};
/* End PBXResourcesBuildPhase section */

/* Begin PBXSourcesBuildPhase section */
		3E028F1C2061F6DC00B7478F /* Sources */ = {
			isa = PBXSourcesBuildPhase;
			buildActionMask = 2147483647;
			files = (
				3E028F802061F84100B7478F /* TXMNetworkerFactory.m in Sources */,
				3E028F7B2061F84100B7478F /* AFURLSessionManager.m in Sources */,
				3E028F282061F6DC00B7478F /* ViewController.m in Sources */,
				3E028F332061F6DC00B7478F /* main.m in Sources */,
				3E028F772061F84100B7478F /* AFNetworkReachabilityManager.m in Sources */,
				3E028F7F2061F84100B7478F /* TXMNetworker.m in Sources */,
				3E028F7C2061F84100B7478F /* Reachability.m in Sources */,
				3E028F7D2061F84100B7478F /* ChackNet.m in Sources */,
				3E028F252061F6DC00B7478F /* AppDelegate.m in Sources */,
				3E028F782061F84100B7478F /* AFSecurityPolicy.m in Sources */,
				3E028F7E2061F84100B7478F /* DirectorClass.m in Sources */,
				3E028F792061F84100B7478F /* AFURLRequestSerialization.m in Sources */,
				3E028F7A2061F84100B7478F /* AFURLResponseSerialization.m in Sources */,
				3E028F762061F84100B7478F /* AFHTTPSessionManager.m in Sources */,
			);
			runOnlyForDeploymentPostprocessing = 0;
		};
		3E028F342061F6DC00B7478F /* Sources */ = {
			isa = PBXSourcesBuildPhase;
			buildActionMask = 2147483647;
			files = (
				3E028F3D2061F6DC00B7478F /* EasyNetworkingTests.m in Sources */,
			);
			runOnlyForDeploymentPostprocessing = 0;
		};
		3E028F3F2061F6DC00B7478F /* Sources */ = {
			isa = PBXSourcesBuildPhase;
			buildActionMask = 2147483647;
			files = (
				3E028F482061F6DC00B7478F /* EasyNetworkingUITests.m in Sources */,
			);
			runOnlyForDeploymentPostprocessing = 0;
		};
/* End PBXSourcesBuildPhase section */

/* Begin PBXTargetDependency section */
		3E028F3A2061F6DC00B7478F /* PBXTargetDependency */ = {
			isa = PBXTargetDependency;
			target = 3E028F1F2061F6DC00B7478F /* EasyNetworking */;
			targetProxy = 3E028F392061F6DC00B7478F /* PBXContainerItemProxy */;
		};
		3E028F452061F6DC00B7478F /* PBXTargetDependency */ = {
			isa = PBXTargetDependency;
			target = 3E028F1F2061F6DC00B7478F /* EasyNetworking */;
			targetProxy = 3E028F442061F6DC00B7478F /* PBXContainerItemProxy */;
		};
/* End PBXTargetDependency section */

/* Begin PBXVariantGroup section */
		3E028F292061F6DC00B7478F /* Main.storyboard */ = {
			isa = PBXVariantGroup;
			children = (
				3E028F2A2061F6DC00B7478F /* Base */,
			);
			name = Main.storyboard;
			sourceTree = "<group>";
		};
		3E028F2E2061F6DC00B7478F /* LaunchScreen.storyboard */ = {
			isa = PBXVariantGroup;
			children = (
				3E028F2F2061F6DC00B7478F /* Base */,
			);
			name = LaunchScreen.storyboard;
			sourceTree = "<group>";
		};
/* End PBXVariantGroup section */

/* Begin XCBuildConfiguration section */
		3E028F4A2061F6DC00B7478F /* Debug */ = {
			isa = XCBuildConfiguration;
			buildSettings = {
				ALWAYS_SEARCH_USER_PATHS = NO;
				CLANG_ANALYZER_NONNULL = YES;
				CLANG_ANALYZER_NUMBER_OBJECT_CONVERSION = YES_AGGRESSIVE;
				CLANG_CXX_LANGUAGE_STANDARD = "gnu++14";
				CLANG_CXX_LIBRARY = "libc++";
				CLANG_ENABLE_MODULES = YES;
				CLANG_ENABLE_OBJC_ARC = YES;
				CLANG_WARN_BLOCK_CAPTURE_AUTORELEASING = YES;
				CLANG_WARN_BOOL_CONVERSION = YES;
				CLANG_WARN_COMMA = YES;
				CLANG_WARN_CONSTANT_CONVERSION = YES;
				CLANG_WARN_DIRECT_OBJC_ISA_USAGE = YES_ERROR;
				CLANG_WARN_DOCUMENTATION_COMMENTS = YES;
				CLANG_WARN_EMPTY_BODY = YES;
				CLANG_WARN_ENUM_CONVERSION = YES;
				CLANG_WARN_INFINITE_RECURSION = YES;
				CLANG_WARN_INT_CONVERSION = YES;
				CLANG_WARN_NON_LITERAL_NULL_CONVERSION = YES;
				CLANG_WARN_OBJC_LITERAL_CONVERSION = YES;
				CLANG_WARN_OBJC_ROOT_CLASS = YES_ERROR;
				CLANG_WARN_RANGE_LOOP_ANALYSIS = YES;
				CLANG_WARN_STRICT_PROTOTYPES = YES;
				CLANG_WARN_SUSPICIOUS_MOVE = YES;
				CLANG_WARN_UNGUARDED_AVAILABILITY = YES_AGGRESSIVE;
				CLANG_WARN_UNREACHABLE_CODE = YES;
				CLANG_WARN__DUPLICATE_METHOD_MATCH = YES;
				CODE_SIGN_IDENTITY = "iPhone Developer";
				COPY_PHASE_STRIP = NO;
				DEBUG_INFORMATION_FORMAT = dwarf;
				ENABLE_STRICT_OBJC_MSGSEND = YES;
				ENABLE_TESTABILITY = YES;
				GCC_C_LANGUAGE_STANDARD = gnu11;
				GCC_DYNAMIC_NO_PIC = NO;
				GCC_NO_COMMON_BLOCKS = YES;
				GCC_OPTIMIZATION_LEVEL = 0;
				GCC_PREPROCESSOR_DEFINITIONS = (
					"DEBUG=1",
					"$(inherited)",
				);
				GCC_WARN_64_TO_32_BIT_CONVERSION = YES;
				GCC_WARN_ABOUT_RETURN_TYPE = YES_ERROR;
				GCC_WARN_UNDECLARED_SELECTOR = YES;
				GCC_WARN_UNINITIALIZED_AUTOS = YES_AGGRESSIVE;
				GCC_WARN_UNUSED_FUNCTION = YES;
				GCC_WARN_UNUSED_VARIABLE = YES;
				IPHONEOS_DEPLOYMENT_TARGET = 11.2;
				MTL_ENABLE_DEBUG_INFO = YES;
				ONLY_ACTIVE_ARCH = YES;
				SDKROOT = iphoneos;
			};
			name = Debug;
		};
		3E028F4B2061F6DC00B7478F /* Release */ = {
			isa = XCBuildConfiguration;
			buildSettings = {
				ALWAYS_SEARCH_USER_PATHS = NO;
				CLANG_ANALYZER_NONNULL = YES;
				CLANG_ANALYZER_NUMBER_OBJECT_CONVERSION = YES_AGGRESSIVE;
				CLANG_CXX_LANGUAGE_STANDARD = "gnu++14";
				CLANG_CXX_LIBRARY = "libc++";
				CLANG_ENABLE_MODULES = YES;
				CLANG_ENABLE_OBJC_ARC = YES;
				CLANG_WARN_BLOCK_CAPTURE_AUTORELEASING = YES;
				CLANG_WARN_BOOL_CONVERSION = YES;
				CLANG_WARN_COMMA = YES;
				CLANG_WARN_CONSTANT_CONVERSION = YES;
				CLANG_WARN_DIRECT_OBJC_ISA_USAGE = YES_ERROR;
				CLANG_WARN_DOCUMENTATION_COMMENTS = YES;
				CLANG_WARN_EMPTY_BODY = YES;
				CLANG_WARN_ENUM_CONVERSION = YES;
				CLANG_WARN_INFINITE_RECURSION = YES;
				CLANG_WARN_INT_CONVERSION = YES;
				CLANG_WARN_NON_LITERAL_NULL_CONVERSION = YES;
				CLANG_WARN_OBJC_LITERAL_CONVERSION = YES;
				CLANG_WARN_OBJC_ROOT_CLASS = YES_ERROR;
				CLANG_WARN_RANGE_LOOP_ANALYSIS = YES;
				CLANG_WARN_STRICT_PROTOTYPES = YES;
				CLANG_WARN_SUSPICIOUS_MOVE = YES;
				CLANG_WARN_UNGUARDED_AVAILABILITY = YES_AGGRESSIVE;
				CLANG_WARN_UNREACHABLE_CODE = YES;
				CLANG_WARN__DUPLICATE_METHOD_MATCH = YES;
				CODE_SIGN_IDENTITY = "iPhone Developer";
				COPY_PHASE_STRIP = NO;
				DEBUG_INFORMATION_FORMAT = "dwarf-with-dsym";
				ENABLE_NS_ASSERTIONS = NO;
				ENABLE_STRICT_OBJC_MSGSEND = YES;
				GCC_C_LANGUAGE_STANDARD = gnu11;
				GCC_NO_COMMON_BLOCKS = YES;
				GCC_WARN_64_TO_32_BIT_CONVERSION = YES;
				GCC_WARN_ABOUT_RETURN_TYPE = YES_ERROR;
				GCC_WARN_UNDECLARED_SELECTOR = YES;
				GCC_WARN_UNINITIALIZED_AUTOS = YES_AGGRESSIVE;
				GCC_WARN_UNUSED_FUNCTION = YES;
				GCC_WARN_UNUSED_VARIABLE = YES;
				IPHONEOS_DEPLOYMENT_TARGET = 11.2;
				MTL_ENABLE_DEBUG_INFO = NO;
				SDKROOT = iphoneos;
				VALIDATE_PRODUCT = YES;
			};
			name = Release;
		};
		3E028F4D2061F6DC00B7478F /* Debug */ = {
			isa = XCBuildConfiguration;
			buildSettings = {
				ASSETCATALOG_COMPILER_APPICON_NAME = AppIcon;
				CODE_SIGN_STYLE = Automatic;
				DEVELOPMENT_TEAM = D7BK4XUL3B;
				INFOPLIST_FILE = EasyNetworking/Info.plist;
				LD_RUNPATH_SEARCH_PATHS = "$(inherited) @executable_path/Frameworks";
				PRODUCT_BUNDLE_IDENTIFIER = chineseAll.EasyNetworking;
				PRODUCT_NAME = "$(TARGET_NAME)";
				TARGETED_DEVICE_FAMILY = "1,2";
			};
			name = Debug;
		};
		3E028F4E2061F6DC00B7478F /* Release */ = {
			isa = XCBuildConfiguration;
			buildSettings = {
				ASSETCATALOG_COMPILER_APPICON_NAME = AppIcon;
				CODE_SIGN_STYLE = Automatic;
				DEVELOPMENT_TEAM = D7BK4XUL3B;
				INFOPLIST_FILE = EasyNetworking/Info.plist;
				LD_RUNPATH_SEARCH_PATHS = "$(inherited) @executable_path/Frameworks";
				PRODUCT_BUNDLE_IDENTIFIER = chineseAll.EasyNetworking;
				PRODUCT_NAME = "$(TARGET_NAME)";
				TARGETED_DEVICE_FAMILY = "1,2";
			};
			name = Release;
		};
		3E028F502061F6DC00B7478F /* Debug */ = {
			isa = XCBuildConfiguration;
			buildSettings = {
				BUNDLE_LOADER = "$(TEST_HOST)";
				CODE_SIGN_STYLE = Automatic;
				DEVELOPMENT_TEAM = D7BK4XUL3B;
				INFOPLIST_FILE = EasyNetworkingTests/Info.plist;
				LD_RUNPATH_SEARCH_PATHS = "$(inherited) @executable_path/Frameworks @loader_path/Frameworks";
				PRODUCT_BUNDLE_IDENTIFIER = chineseAll.EasyNetworkingTests;
				PRODUCT_NAME = "$(TARGET_NAME)";
				TARGETED_DEVICE_FAMILY = "1,2";
				TEST_HOST = "$(BUILT_PRODUCTS_DIR)/EasyNetworking.app/EasyNetworking";
			};
			name = Debug;
		};
		3E028F512061F6DC00B7478F /* Release */ = {
			isa = XCBuildConfiguration;
			buildSettings = {
				BUNDLE_LOADER = "$(TEST_HOST)";
				CODE_SIGN_STYLE = Automatic;
				DEVELOPMENT_TEAM = D7BK4XUL3B;
				INFOPLIST_FILE = EasyNetworkingTests/Info.plist;
				LD_RUNPATH_SEARCH_PATHS = "$(inherited) @executable_path/Frameworks @loader_path/Frameworks";
				PRODUCT_BUNDLE_IDENTIFIER = chineseAll.EasyNetworkingTests;
				PRODUCT_NAME = "$(TARGET_NAME)";
				TARGETED_DEVICE_FAMILY = "1,2";
				TEST_HOST = "$(BUILT_PRODUCTS_DIR)/EasyNetworking.app/EasyNetworking";
			};
			name = Release;
		};
		3E028F532061F6DC00B7478F /* Debug */ = {
			isa = XCBuildConfiguration;
			buildSettings = {
				CODE_SIGN_STYLE = Automatic;
				DEVELOPMENT_TEAM = D7BK4XUL3B;
				INFOPLIST_FILE = EasyNetworkingUITests/Info.plist;
				LD_RUNPATH_SEARCH_PATHS = "$(inherited) @executable_path/Frameworks @loader_path/Frameworks";
				PRODUCT_BUNDLE_IDENTIFIER = chineseAll.EasyNetworkingUITests;
				PRODUCT_NAME = "$(TARGET_NAME)";
				TARGETED_DEVICE_FAMILY = "1,2";
				TEST_TARGET_NAME = EasyNetworking;
			};
			name = Debug;
		};
		3E028F542061F6DC00B7478F /* Release */ = {
			isa = XCBuildConfiguration;
			buildSettings = {
				CODE_SIGN_STYLE = Automatic;
				DEVELOPMENT_TEAM = D7BK4XUL3B;
				INFOPLIST_FILE = EasyNetworkingUITests/Info.plist;
				LD_RUNPATH_SEARCH_PATHS = "$(inherited) @executable_path/Frameworks @loader_path/Frameworks";
				PRODUCT_BUNDLE_IDENTIFIER = chineseAll.EasyNetworkingUITests;
				PRODUCT_NAME = "$(TARGET_NAME)";
				TARGETED_DEVICE_FAMILY = "1,2";
				TEST_TARGET_NAME = EasyNetworking;
			};
			name = Release;
		};
/* End XCBuildConfiguration section */

/* Begin XCConfigurationList section */
		3E028F1B2061F6DC00B7478F /* Build configuration list for PBXProject "EasyNetworking" */ = {
			isa = XCConfigurationList;
			buildConfigurations = (
				3E028F4A2061F6DC00B7478F /* Debug */,
				3E028F4B2061F6DC00B7478F /* Release */,
			);
			defaultConfigurationIsVisible = 0;
			defaultConfigurationName = Release;
		};
		3E028F4C2061F6DC00B7478F /* Build configuration list for PBXNativeTarget "EasyNetworking" */ = {
			isa = XCConfigurationList;
			buildConfigurations = (
				3E028F4D2061F6DC00B7478F /* Debug */,
				3E028F4E2061F6DC00B7478F /* Release */,
			);
			defaultConfigurationIsVisible = 0;
			defaultConfigurationName = Release;
		};
		3E028F4F2061F6DC00B7478F /* Build configuration list for PBXNativeTarget "EasyNetworkingTests" */ = {
			isa = XCConfigurationList;
			buildConfigurations = (
				3E028F502061F6DC00B7478F /* Debug */,
				3E028F512061F6DC00B7478F /* Release */,
			);
			defaultConfigurationIsVisible = 0;
			defaultConfigurationName = Release;
		};
		3E028F522061F6DC00B7478F /* Build configuration list for PBXNativeTarget "EasyNetworkingUITests" */ = {
			isa = XCConfigurationList;
			buildConfigurations = (
				3E028F532061F6DC00B7478F /* Debug */,
				3E028F542061F6DC00B7478F /* Release */,
			);
			defaultConfigurationIsVisible = 0;
			defaultConfigurationName = Release;
		};
/* End XCConfigurationList section */
	};
	rootObject = 3E028F182061F6DC00B7478F /* Project object */;
}
